
Microsoft Visual Studio Solution File, Format Version 12.00
# Visual Studio Version 17
VisualStudioVersion = 17.8.34525.116
MinimumVisualStudioVersion = 10.0.40219.1
Project("{8BC9CEB8-8B4A-11D0-8D11-00A0C91BC942}") = "Calculator", "Calculator\Calculator.vcxproj", "{1391EACA-6DBF-487E-B154-C48F5ADD6C87}"
EndProject
Global
	GlobalSection(SolutionConfigurationPlatforms) = preSolution
		Debug|x64 = Debug|x64
		Debug|x86 = Debug|x86
		Release|x64 = Release|x64
		Release|x86 = Release|x86
	EndGlobalSection
	GlobalSection(ProjectConfigurationPlatforms) = postSolution
		{1391EACA-6DBF-487E-B154-C48F5ADD6C87}.Debug|x64.ActiveCfg = Debug|x64
		{1391EACA-6DBF-487E-B154-C48F5ADD6C87}.Debug|x64.Build.0 = Debug|x64
		{1391EACA-6DBF-487E-B154-C48F5ADD6C87}.Debug|x86.ActiveCfg = Debug|Win32
		{1391EACA-6DBF-487E-B154-C48F5ADD6C87}.Debug|x86.Build.0 = Debug|Win32
		{1391EACA-6DBF-487E-B154-C48F5ADD6C87}.Release|x64.ActiveCfg = Release|x64
		{1391EACA-6DBF-487E-B154-C48F5ADD6C87}.Release|x64.Build.0 = Release|x64
		{1391EACA-6DBF-487E-B154-C48F5ADD6C87}.Release|x86.ActiveCfg = Release|Win32
		{1391EACA-6DBF-487E-B154-C48F5ADD6C87}.Release|x86.Build.0 = Release|Win32
	EndGlobalSection
	GlobalSection(SolutionProperties) = preSolution
		HideSolutionNode = FALSE
	EndGlobalSection
	GlobalSection(ExtensibilityGlobals) = postSolution
		SolutionGuid = {29D31C0F-6F1E-4AC8-9870-01F36D256345}
	EndGlobalSection
EndGlobal
